
Microsoft Visual Studio Solution File, Format Version 12.00
# Visual Studio 15
VisualStudioVersion = 15.0.27703.2035
MinimumVisualStudioVersion = 10.0.40219.1
Project("{FAE04EC0-301F-11D3-BF4B-00C04F79EFBC}") = "Hackaton.Contratos", "Hackaton.Contratos\Hackaton.Contratos.csproj", "{59B336B6-37AF-4AA8-A168-1B3DA93CD3A9}"
EndProject
Project("{FAE04EC0-301F-11D3-BF4B-00C04F79EFBC}") = "Hackaton.Entidades", "Hackaton.Entidades\Hackaton.Entidades.csproj", "{2438C3FF-5CCF-4A33-A32C-0DB21DE4E916}"
EndProject
Project("{FAE04EC0-301F-11D3-BF4B-00C04F79EFBC}") = "Hackaton.Negocios", "Hackaton.Negocios\Hackaton.Negocios.csproj", "{7157484C-FB2F-4404-A023-1E4969E6BC34}"
EndProject
Project("{FAE04EC0-301F-11D3-BF4B-00C04F79EFBC}") = "Hackaton.Repositorio", "Hackaton.Repositorio\Hackaton.Repositorio.csproj", "{AFB6ADF2-1A2C-4D67-B59F-93D0AF054052}"
EndProject
Project("{FAE04EC0-301F-11D3-BF4B-00C04F79EFBC}") = "Hackaton.WebApi", "Hackaton.WebApi\Hackaton.WebApi.csproj", "{0CD58966-105A-4EE4-B66C-EDFC0BCD6C6B}"
EndProject
Global
	GlobalSection(SolutionConfigurationPlatforms) = preSolution
		Debug|Any CPU = Debug|Any CPU
		Release|Any CPU = Release|Any CPU
	EndGlobalSection
	GlobalSection(ProjectConfigurationPlatforms) = postSolution
		{59B336B6-37AF-4AA8-A168-1B3DA93CD3A9}.Debug|Any CPU.ActiveCfg = Debug|Any CPU
		{59B336B6-37AF-4AA8-A168-1B3DA93CD3A9}.Debug|Any CPU.Build.0 = Debug|Any CPU
		{59B336B6-37AF-4AA8-A168-1B3DA93CD3A9}.Release|Any CPU.ActiveCfg = Release|Any CPU
		{59B336B6-37AF-4AA8-A168-1B3DA93CD3A9}.Release|Any CPU.Build.0 = Release|Any CPU
		{2438C3FF-5CCF-4A33-A32C-0DB21DE4E916}.Debug|Any CPU.ActiveCfg = Debug|Any CPU
		{2438C3FF-5CCF-4A33-A32C-0DB21DE4E916}.Debug|Any CPU.Build.0 = Debug|Any CPU
		{2438C3FF-5CCF-4A33-A32C-0DB21DE4E916}.Release|Any CPU.ActiveCfg = Release|Any CPU
		{2438C3FF-5CCF-4A33-A32C-0DB21DE4E916}.Release|Any CPU.Build.0 = Release|Any CPU
		{7157484C-FB2F-4404-A023-1E4969E6BC34}.Debug|Any CPU.ActiveCfg = Debug|Any CPU
		{7157484C-FB2F-4404-A023-1E4969E6BC34}.Debug|Any CPU.Build.0 = Debug|Any CPU
		{7157484C-FB2F-4404-A023-1E4969E6BC34}.Release|Any CPU.ActiveCfg = Release|Any CPU
		{7157484C-FB2F-4404-A023-1E4969E6BC34}.Release|Any CPU.Build.0 = Release|Any CPU
		{AFB6ADF2-1A2C-4D67-B59F-93D0AF054052}.Debug|Any CPU.ActiveCfg = Debug|Any CPU
		{AFB6ADF2-1A2C-4D67-B59F-93D0AF054052}.Debug|Any CPU.Build.0 = Debug|Any CPU
		{AFB6ADF2-1A2C-4D67-B59F-93D0AF054052}.Release|Any CPU.ActiveCfg = Release|Any CPU
		{AFB6ADF2-1A2C-4D67-B59F-93D0AF054052}.Release|Any CPU.Build.0 = Release|Any CPU
		{0CD58966-105A-4EE4-B66C-EDFC0BCD6C6B}.Debug|Any CPU.ActiveCfg = Debug|Any CPU
		{0CD58966-105A-4EE4-B66C-EDFC0BCD6C6B}.Debug|Any CPU.Build.0 = Debug|Any CPU
		{0CD58966-105A-4EE4-B66C-EDFC0BCD6C6B}.Release|Any CPU.ActiveCfg = Release|Any CPU
		{0CD58966-105A-4EE4-B66C-EDFC0BCD6C6B}.Release|Any CPU.Build.0 = Release|Any CPU
	EndGlobalSection
	GlobalSection(SolutionProperties) = preSolution
		HideSolutionNode = FALSE
	EndGlobalSection
	GlobalSection(ExtensibilityGlobals) = postSolution
		SolutionGuid = {F60437B1-A00D-4625-9A25-44C9DF2BE530}
	EndGlobalSection
EndGlobal
